# This file is automatically @generated by Cargo.
# It is not intended for manual editing.
version = 4

[[package]]
name = "cb0"
version = "0.1.0"
dependencies = [
 "linux-syscall",
]

[[package]]
name = "cb1"
version = "0.1.0"
dependencies = [
 "linux-syscall",
]

[[package]]
name = "linux-errno"
version = "1.1.0"
source = "registry+https://github.com/rust-lang/crates.io-index"
checksum = "e3fb7f5d1d983421e02a44690025b1133e83f0e9d2ee60953217498a2bfdd34e"
dependencies = [
 "posix-errno",
]

[[package]]
name = "linux-syscall"
version = "1.2.0"
source = "registry+https://github.com/rust-lang/crates.io-index"
checksum = "bfc206dfa125f5702516b686c2e4d8cfbae346e8364343cc79c7a12af2daba1c"
dependencies = [
 "linux-errno",
]

[[package]]
name = "posix-errno"
version = "1.0.2"
source = "registry+https://github.com/rust-lang/crates.io-index"
checksum = "e01299f73b0da867ebfaafe4bd75455d5f9b85534efe58ca10966e084c7f90ec"

[[package]]
name = "quick-start-simple"
version = "0.1.0"
